
Microsoft Visual Studio Solution File, Format Version 12.00
# Visual Studio Version 16
VisualStudioVersion = 16.0.29411.108
MinimumVisualStudioVersion = 10.0.40219.1
Project("{FAE04EC0-301F-11D3-BF4B-00C04F79EFBC}") = "newWaterDelivery.Android", "newWaterDelivery\newWaterDelivery.Android\newWaterDelivery.Android.csproj", "{CEF006FF-2DCD-4E2E-8A1F-3C459B227B63}"
EndProject
Project("{FAE04EC0-301F-11D3-BF4B-00C04F79EFBC}") = "newWaterDelivery", "newWaterDelivery\newWaterDelivery\newWaterDelivery.csproj", "{F84F8D2B-7466-498A-8F52-B090EEE9B495}"
EndProject
Global
	GlobalSection(SolutionConfigurationPlatforms) = preSolution
		Debug|Any CPU = Debug|Any CPU
		Release|Any CPU = Release|Any CPU
	EndGlobalSection
	GlobalSection(ProjectConfigurationPlatforms) = postSolution
		{CEF006FF-2DCD-4E2E-8A1F-3C459B227B63}.Debug|Any CPU.ActiveCfg = Debug|Any CPU
		{CEF006FF-2DCD-4E2E-8A1F-3C459B227B63}.Debug|Any CPU.Build.0 = Debug|Any CPU
		{CEF006FF-2DCD-4E2E-8A1F-3C459B227B63}.Debug|Any CPU.Deploy.0 = Debug|Any CPU
		{CEF006FF-2DCD-4E2E-8A1F-3C459B227B63}.Release|Any CPU.ActiveCfg = Release|Any CPU
		{CEF006FF-2DCD-4E2E-8A1F-3C459B227B63}.Release|Any CPU.Build.0 = Release|Any CPU
		{CEF006FF-2DCD-4E2E-8A1F-3C459B227B63}.Release|Any CPU.Deploy.0 = Release|Any CPU
		{F84F8D2B-7466-498A-8F52-B090EEE9B495}.Debug|Any CPU.ActiveCfg = Debug|Any CPU
		{F84F8D2B-7466-498A-8F52-B090EEE9B495}.Debug|Any CPU.Build.0 = Debug|Any CPU
		{F84F8D2B-7466-498A-8F52-B090EEE9B495}.Debug|Any CPU.Deploy.0 = Debug|Any CPU
		{F84F8D2B-7466-498A-8F52-B090EEE9B495}.Release|Any CPU.ActiveCfg = Release|Any CPU
		{F84F8D2B-7466-498A-8F52-B090EEE9B495}.Release|Any CPU.Build.0 = Release|Any CPU
		{F84F8D2B-7466-498A-8F52-B090EEE9B495}.Release|Any CPU.Deploy.0 = Release|Any CPU
	EndGlobalSection
	GlobalSection(SolutionProperties) = preSolution
		HideSolutionNode = FALSE
	EndGlobalSection
	GlobalSection(ExtensibilityGlobals) = postSolution
		SolutionGuid = {A1BBAFDD-8865-4460-AFDC-21ED9FABE6FA}
	EndGlobalSection
EndGlobal
